dependencies:
- name: postgresql
  repository: https://charts.bitnami.com/bitnami
  version: 13.2.24
- name: redis
  repository: https://charts.bitnami.com/bitnami
  version: 18.5.0
digest: sha256:9f3f7f00f3c12c2a986b895de5ade62554cdc86a96b0425cc6f0bbb1416cac81
generated: "2023-12-15T20:37:34.948000081+10:30"
